{
  "requires": true,
  "lockfileVersion": 1,
  "dependencies": {
    "lodash.debounce": {
      "version": "4.0.8",
      "resolved": "https://registry.npmjs.org/lodash.debounce/-/lodash.debounce-4.0.8.tgz",
      "integrity": "sha1-gteb/zCmfEAF/9XiUVMArZyk168="
    },
    "use-places-autocomplete": {
      "version": "1.3.10",
      "resolved": "https://registry.npmjs.org/use-places-autocomplete/-/use-places-autocomplete-1.3.10.tgz",
      "integrity": "sha512-2WhezFliaLhfFX7NO12Y+gSzmdiml/l4KCyFKKk4cjtWR6mWTXuNs66ZJrm4beTRPBugngCyo2AmPy98AvlZpQ==",
      "requires": {
        "lodash.debounce": "^4.0.8"
      }
    }
  }
}
